// !$*UTF8*$!
{
	archiveVersion = 1;
	classes = {
	};
	objectVersion = 77;
	objects = {

/* Begin PBXBuildFile section */
		AF9598D52D6C833C0058B29B /* Preview Assets.xcassets in Resources */ = {isa = PBXBuildFile; fileRef = AF9598C82D6C833C0058B29B /* Preview Assets.xcassets */; };
		AF9598D62D6C833C0058B29B /* Assets.xcassets in Resources */ = {isa = PBXBuildFile; fileRef = AF9598CC2D6C833C0058B29B /* Assets.xcassets */; };
		AF9598D72D6C833C0058B29B /* AppleFrameworksApp.swift in Sources */ = {isa = PBXBuildFile; fileRef = AF9598CA2D6C833C0058B29B /* AppleFrameworksApp.swift */; };
		AF9598DA2D6C833C0058B29B /* Framework.swift in Sources */ = {isa = PBXBuildFile; fileRef = AF9598CE2D6C833C0058B29B /* Framework.swift */; };
		AF9598DF2D6C833C0058B29B /* SafariView.swift in Sources */ = {isa = PBXBuildFile; fileRef = AF9598D32D6C833C0058B29B /* SafariView.swift */; };
/* End PBXBuildFile section */

/* Begin PBXContainerItemProxy section */
		AF4CDFF52D6A10F100C06ED0 /* PBXContainerItemProxy */ = {
			isa = PBXContainerItemProxy;
			containerPortal = AF4CDFDC2D6A10EF00C06ED0 /* Project object */;
			proxyType = 1;
			remoteGlobalIDString = AF4CDFE32D6A10EF00C06ED0;
			remoteInfo = AppleFrameworks;
		};
		AF4CDFFF2D6A10F100C06ED0 /* PBXContainerItemProxy */ = {
			isa = PBXContainerItemProxy;
			containerPortal = AF4CDFDC2D6A10EF00C06ED0 /* Project object */;
			proxyType = 1;
			remoteGlobalIDString = AF4CDFE32D6A10EF00C06ED0;
			remoteInfo = AppleFrameworks;
		};
/* End PBXContainerItemProxy section */

/* Begin PBXFileReference section */
		AF4CDFE42D6A10EF00C06ED0 /* AppleFrameworks.app */ = {isa = PBXFileReference; explicitFileType = wrapper.application; includeInIndex = 0; path = AppleFrameworks.app; sourceTree = BUILT_PRODUCTS_DIR; };
		AF4CDFF42D6A10F100C06ED0 /* AppleFrameworksTests.xctest */ = {isa = PBXFileReference; explicitFileType = wrapper.cfbundle; includeInIndex = 0; path = AppleFrameworksTests.xctest; sourceTree = BUILT_PRODUCTS_DIR; };
		AF4CDFFE2D6A10F100C06ED0 /* AppleFrameworksUITests.xctest */ = {isa = PBXFileReference; explicitFileType = wrapper.cfbundle; includeInIndex = 0; path = AppleFrameworksUITests.xctest; sourceTree = BUILT_PRODUCTS_DIR; };
		AF9598C82D6C833C0058B29B /* Preview Assets.xcassets */ = {isa = PBXFileReference; lastKnownFileType = folder.assetcatalog; path = "Preview Assets.xcassets"; sourceTree = "<group>"; };
		AF9598CA2D6C833C0058B29B /* AppleFrameworksApp.swift */ = {isa = PBXFileReference; lastKnownFileType = sourcecode.swift; path = AppleFrameworksApp.swift; sourceTree = "<group>"; };
		AF9598CC2D6C833C0058B29B /* Assets.xcassets */ = {isa = PBXFileReference; lastKnownFileType = folder.assetcatalog; path = Assets.xcassets; sourceTree = "<group>"; };
		AF9598CE2D6C833C0058B29B /* Framework.swift */ = {isa = PBXFileReference; lastKnownFileType = sourcecode.swift; path = Framework.swift; sourceTree = "<group>"; };
		AF9598D32D6C833C0058B29B /* SafariView.swift */ = {isa = PBXFileReference; lastKnownFileType = sourcecode.swift; path = SafariView.swift; sourceTree = "<group>"; };
/* End PBXFileReference section */

/* Begin PBXFileSystemSynchronizedRootGroup section */
		AF4CDFF72D6A10F100C06ED0 /* AppleFrameworksTests */ = {
			isa = PBXFileSystemSynchronizedRootGroup;
			path = AppleFrameworksTests;
			sourceTree = "<group>";
		};
		AF4CE0012D6A10F100C06ED0 /* AppleFrameworksUITests */ = {
			isa = PBXFileSystemSynchronizedRootGroup;
			path = AppleFrameworksUITests;
			sourceTree = "<group>";
		};
		AF9598E52D6C83E60058B29B /* Views */ = {
			isa = PBXFileSystemSynchronizedRootGroup;
			path = Views;
			sourceTree = "<group>";
		};
/* End PBXFileSystemSynchronizedRootGroup section */

/* Begin PBXFrameworksBuildPhase section */
		AF4CDFE12D6A10EF00C06ED0 /* Frameworks */ = {
			isa = PBXFrameworksBuildPhase;
			buildActionMask = 2147483647;
			files = (
			);
			runOnlyForDeploymentPostprocessing = 0;
		};
		AF4CDFF12D6A10F100C06ED0 /* Frameworks */ = {
			isa = PBXFrameworksBuildPhase;
			buildActionMask = 2147483647;
			files = (
			);
			runOnlyForDeploymentPostprocessing = 0;
		};
		AF4CDFFB2D6A10F100C06ED0 /* Frameworks */ = {
			isa = PBXFrameworksBuildPhase;
			buildActionMask = 2147483647;
			files = (
			);
			runOnlyForDeploymentPostprocessing = 0;
		};
/* End PBXFrameworksBuildPhase section */

/* Begin PBXGroup section */
		AF4CDFDB2D6A10EF00C06ED0 = {
			isa = PBXGroup;
			children = (
				AF9598D42D6C833C0058B29B /* AppleFrameworks */,
				AF4CDFF72D6A10F100C06ED0 /* AppleFrameworksTests */,
				AF4CE0012D6A10F100C06ED0 /* AppleFrameworksUITests */,
				AF4CDFE52D6A10EF00C06ED0 /* Products */,
			);
			sourceTree = "<group>";
		};
		AF4CDFE52D6A10EF00C06ED0 /* Products */ = {
			isa = PBXGroup;
			children = (
				AF4CDFE42D6A10EF00C06ED0 /* AppleFrameworks.app */,
				AF4CDFF42D6A10F100C06ED0 /* AppleFrameworksTests.xctest */,
				AF4CDFFE2D6A10F100C06ED0 /* AppleFrameworksUITests.xctest */,
			);
			name = Products;
			sourceTree = "<group>";
		};
		AF9598C92D6C833C0058B29B /* Preview Content */ = {
			isa = PBXGroup;
			children = (
				AF9598C82D6C833C0058B29B /* Preview Assets.xcassets */,
			);
			path = "Preview Content";
			sourceTree = "<group>";
		};
		AF9598D42D6C833C0058B29B /* AppleFrameworks */ = {
			isa = PBXGroup;
			children = (
				AF9598F32D6C83F20058B29B /* Model */,
				AF9598E52D6C83E60058B29B /* Views */,
				AF9598C92D6C833C0058B29B /* Preview Content */,
				AF9598CA2D6C833C0058B29B /* AppleFrameworksApp.swift */,
				AF9598CC2D6C833C0058B29B /* Assets.xcassets */,
				AF9598D32D6C833C0058B29B /* SafariView.swift */,
			);
			path = AppleFrameworks;
			sourceTree = "<group>";
		};
		AF9598F32D6C83F20058B29B /* Model */ = {
			isa = PBXGroup;
			children = (
				AF9598CE2D6C833C0058B29B /* Framework.swift */,
			);
			path = Model;
			sourceTree = "<group>";
		};
/* End PBXGroup section */

/* Begin PBXNativeTarget section */
		AF4CDFE32D6A10EF00C06ED0 /* AppleFrameworks */ = {
			isa = PBXNativeTarget;
			buildConfigurationList = AF4CE0082D6A10F100C06ED0 /* Build configuration list for PBXNativeTarget "AppleFrameworks" */;
			buildPhases = (
				AF4CDFE02D6A10EF00C06ED0 /* Sources */,
				AF4CDFE12D6A10EF00C06ED0 /* Frameworks */,
				AF4CDFE22D6A10EF00C06ED0 /* Resources */,
			);
			buildRules = (
			);
			dependencies = (
			);
			fileSystemSynchronizedGroups = (
				AF9598E52D6C83E60058B29B /* Views */,
			);
			name = AppleFrameworks;
			packageProductDependencies = (
			);
			productName = AppleFrameworks;
			productReference = AF4CDFE42D6A10EF00C06ED0 /* AppleFrameworks.app */;
			productType = "com.apple.product-type.application";
		};
		AF4CDFF32D6A10F100C06ED0 /* AppleFrameworksTests */ = {
			isa = PBXNativeTarget;
			buildConfigurationList = AF4CE00B2D6A10F100C06ED0 /* Build configuration list for PBXNativeTarget "AppleFrameworksTests" */;
			buildPhases = (
				AF4CDFF02D6A10F100C06ED0 /* Sources */,
				AF4CDFF12D6A10F100C06ED0 /* Frameworks */,
				AF4CDFF22D6A10F100C06ED0 /* Resources */,
			);
			buildRules = (
			);
			dependencies = (
				AF4CDFF62D6A10F100C06ED0 /* PBXTargetDependency */,
			);
			fileSystemSynchronizedGroups = (
				AF4CDFF72D6A10F100C06ED0 /* AppleFrameworksTests */,
			);
			name = AppleFrameworksTests;
			packageProductDependencies = (
			);
			productName = AppleFrameworksTests;
			productReference = AF4CDFF42D6A10F100C06ED0 /* AppleFrameworksTests.xctest */;
			productType = "com.apple.product-type.bundle.unit-test";
		};
		AF4CDFFD2D6A10F100C06ED0 /* AppleFrameworksUITests */ = {
			isa = PBXNativeTarget;
			buildConfigurationList = AF4CE00E2D6A10F100C06ED0 /* Build configuration list for PBXNativeTarget "AppleFrameworksUITests" */;
			buildPhases = (
				AF4CDFFA2D6A10F100C06ED0 /* Sources */,
				AF4CDFFB2D6A10F100C06ED0 /* Frameworks */,
				AF4CDFFC2D6A10F100C06ED0 /* Resources */,
			);
			buildRules = (
			);
			dependencies = (
				AF4CE0002D6A10F100C06ED0 /* PBXTargetDependency */,
			);
			fileSystemSynchronizedGroups = (
				AF4CE0012D6A10F100C06ED0 /* AppleFrameworksUITests */,
			);
			name = AppleFrameworksUITests;
			packageProductDependencies = (
			);
			productName = AppleFrameworksUITests;
			productReference = AF4CDFFE2D6A10F100C06ED0 /* AppleFrameworksUITests.xctest */;
			productType = "com.apple.product-type.bundle.ui-testing";
		};
/* End PBXNativeTarget section */

/* Begin PBXProject section */
		AF4CDFDC2D6A10EF00C06ED0 /* Project object */ = {
			isa = PBXProject;
			attributes = {
				BuildIndependentTargetsInParallel = 1;
				LastSwiftUpdateCheck = 1620;
				LastUpgradeCheck = 1620;
				TargetAttributes = {
					AF4CDFE32D6A10EF00C06ED0 = {
						CreatedOnToolsVersion = 16.2;
					};
					AF4CDFF32D6A10F100C06ED0 = {
						CreatedOnToolsVersion = 16.2;
						TestTargetID = AF4CDFE32D6A10EF00C06ED0;
					};
					AF4CDFFD2D6A10F100C06ED0 = {
						CreatedOnToolsVersion = 16.2;
						TestTargetID = AF4CDFE32D6A10EF00C06ED0;
					};
				};
			};
			buildConfigurationList = AF4CDFDF2D6A10EF00C06ED0 /* Build configuration list for PBXProject "AppleFrameworks" */;
			developmentRegion = en;
			hasScannedForEncodings = 0;
			knownRegions = (
				en,
				Base,
			);
			mainGroup = AF4CDFDB2D6A10EF00C06ED0;
			minimizedProjectReferenceProxies = 1;
			preferredProjectObjectVersion = 77;
			productRefGroup = AF4CDFE52D6A10EF00C06ED0 /* Products */;
			projectDirPath = "";
			projectRoot = "";
			targets = (
				AF4CDFE32D6A10EF00C06ED0 /* AppleFrameworks */,
				AF4CDFF32D6A10F100C06ED0 /* AppleFrameworksTests */,
				AF4CDFFD2D6A10F100C06ED0 /* AppleFrameworksUITests */,
			);
		};
/* End PBXProject section */

/* Begin PBXResourcesBuildPhase section */
		AF4CDFE22D6A10EF00C06ED0 /* Resources */ = {
			isa = PBXResourcesBuildPhase;
			buildActionMask = 2147483647;
			files = (
				AF9598D52D6C833C0058B29B /* Preview Assets.xcassets in Resources */,
				AF9598D62D6C833C0058B29B /* Assets.xcassets in Resources */,
			);
			runOnlyForDeploymentPostprocessing = 0;
		};
		AF4CDFF22D6A10F100C06ED0 /* Resources */ = {
			isa = PBXResourcesBuildPhase;
			buildActionMask = 2147483647;
			files = (
			);
			runOnlyForDeploymentPostprocessing = 0;
		};
		AF4CDFFC2D6A10F100C06ED0 /* Resources */ = {
			isa = PBXResourcesBuildPhase;
			buildActionMask = 2147483647;
			files = (
			);
			runOnlyForDeploymentPostprocessing = 0;
		};
/* End PBXResourcesBuildPhase section */

/* Begin PBXSourcesBuildPhase section */
		AF4CDFE02D6A10EF00C06ED0 /* Sources */ = {
			isa = PBXSourcesBuildPhase;
			buildActionMask = 2147483647;
			files = (
				AF9598D72D6C833C0058B29B /* AppleFrameworksApp.swift in Sources */,
				AF9598DA2D6C833C0058B29B /* Framework.swift in Sources */,
				AF9598DF2D6C833C0058B29B /* SafariView.swift in Sources */,
			);
			runOnlyForDeploymentPostprocessing = 0;
		};
		AF4CDFF02D6A10F100C06ED0 /* Sources */ = {
			isa = PBXSourcesBuildPhase;
			buildActionMask = 2147483647;
			files = (
			);
			runOnlyForDeploymentPostprocessing = 0;
		};
		AF4CDFFA2D6A10F100C06ED0 /* Sources */ = {
			isa = PBXSourcesBuildPhase;
			buildActionMask = 2147483647;
			files = (
			);
			runOnlyForDeploymentPostprocessing = 0;
		};
/* End PBXSourcesBuildPhase section */

/* Begin PBXTargetDependency section */
		AF4CDFF62D6A10F100C06ED0 /* PBXTargetDependency */ = {
			isa = PBXTargetDependency;
			target = AF4CDFE32D6A10EF00C06ED0 /* AppleFrameworks */;
			targetProxy = AF4CDFF52D6A10F100C06ED0 /* PBXContainerItemProxy */;
		};
		AF4CE0002D6A10F100C06ED0 /* PBXTargetDependency */ = {
			isa = PBXTargetDependency;
			target = AF4CDFE32D6A10EF00C06ED0 /* AppleFrameworks */;
			targetProxy = AF4CDFFF2D6A10F100C06ED0 /* PBXContainerItemProxy */;
		};
/* End PBXTargetDependency section */

/* Begin XCBuildConfiguration section */
		AF4CE0062D6A10F100C06ED0 /* Debug */ = {
			isa = XCBuildConfiguration;
			buildSettings = {
				ALWAYS_SEARCH_USER_PATHS = NO;
				ASSETCATALOG_COMPILER_GENERATE_SWIFT_ASSET_SYMBOL_EXTENSIONS = YES;
				CLANG_ANALYZER_NONNULL = YES;
				CLANG_ANALYZER_NUMBER_OBJECT_CONVERSION = YES_AGGRESSIVE;
				CLANG_CXX_LANGUAGE_STANDARD = "gnu++20";
				CLANG_ENABLE_MODULES = YES;
				CLANG_ENABLE_OBJC_ARC = YES;
				CLANG_ENABLE_OBJC_WEAK = YES;
				CLANG_WARN_BLOCK_CAPTURE_AUTORELEASING = YES;
				CLANG_WARN_BOOL_CONVERSION = YES;
				CLANG_WARN_COMMA = YES;
				CLANG_WARN_CONSTANT_CONVERSION = YES;
				CLANG_WARN_DEPRECATED_OBJC_IMPLEMENTATIONS = YES;
				CLANG_WARN_DIRECT_OBJC_ISA_USAGE = YES_ERROR;
				CLANG_WARN_DOCUMENTATION_COMMENTS = YES;
				CLANG_WARN_EMPTY_BODY = YES;
				CLANG_WARN_ENUM_CONVERSION = YES;
				CLANG_WARN_INFINITE_RECURSION = YES;
				CLANG_WARN_INT_CONVERSION = YES;
				CLANG_WARN_NON_LITERAL_NULL_CONVERSION = YES;
				CLANG_WARN_OBJC_IMPLICIT_RETAIN_SELF = YES;
				CLANG_WARN_OBJC_LITERAL_CONVERSION = YES;
				CLANG_WARN_OBJC_ROOT_CLASS = YES_ERROR;
				CLANG_WARN_QUOTED_INCLUDE_IN_FRAMEWORK_HEADER = YES;
				CLANG_WARN_RANGE_LOOP_ANALYSIS = YES;
				CLANG_WARN_STRICT_PROTOTYPES = YES;
				CLANG_WARN_SUSPICIOUS_MOVE = YES;
				CLANG_WARN_UNGUARDED_AVAILABILITY = YES_AGGRESSIVE;
				CLANG_WARN_UNREACHABLE_CODE = YES;
				CLANG_WARN__DUPLICATE_METHOD_MATCH = YES;
				COPY_PHASE_STRIP = NO;
				DEBUG_INFORMATION_FORMAT = dwarf;
				ENABLE_STRICT_OBJC_MSGSEND = YES;
				ENABLE_TESTABILITY = YES;
				ENABLE_USER_SCRIPT_SANDBOXING = YES;
				GCC_C_LANGUAGE_STANDARD = gnu17;
				GCC_DYNAMIC_NO_PIC = NO;
				GCC_NO_COMMON_BLOCKS = YES;
				GCC_OPTIMIZATION_LEVEL = 0;
				GCC_PREPROCESSOR_DEFINITIONS = (
					"DEBUG=1",
					"$(inherited)",
				);
				GCC_WARN_64_TO_32_BIT_CONVERSION = YES;
				GCC_WARN_ABOUT_RETURN_TYPE = YES_ERROR;
				GCC_WARN_UNDECLARED_SELECTOR = YES;
				GCC_WARN_UNINITIALIZED_AUTOS = YES_AGGRESSIVE;
				GCC_WARN_UNUSED_FUNCTION = YES;
				GCC_WARN_UNUSED_VARIABLE = YES;
				IPHONEOS_DEPLOYMENT_TARGET = 18.2;
				LOCALIZATION_PREFERS_STRING_CATALOGS = YES;
				MTL_ENABLE_DEBUG_INFO = INCLUDE_SOURCE;
				MTL_FAST_MATH = YES;
				ONLY_ACTIVE_ARCH = YES;
				SDKROOT = iphoneos;
				SWIFT_ACTIVE_COMPILATION_CONDITIONS = "DEBUG $(inherited)";
				SWIFT_OPTIMIZATION_LEVEL = "-Onone";
			};
			name = Debug;
		};
		AF4CE0072D6A10F100C06ED0 /* Release */ = {
			isa = XCBuildConfiguration;
			buildSettings = {
				ALWAYS_SEARCH_USER_PATHS = NO;
				ASSETCATALOG_COMPILER_GENERATE_SWIFT_ASSET_SYMBOL_EXTENSIONS = YES;
				CLANG_ANALYZER_NONNULL = YES;
				CLANG_ANALYZER_NUMBER_OBJECT_CONVERSION = YES_AGGRESSIVE;
				CLANG_CXX_LANGUAGE_STANDARD = "gnu++20";
				CLANG_ENABLE_MODULES = YES;
				CLANG_ENABLE_OBJC_ARC = YES;
				CLANG_ENABLE_OBJC_WEAK = YES;
				CLANG_WARN_BLOCK_CAPTURE_AUTORELEASING = YES;
				CLANG_WARN_BOOL_CONVERSION = YES;
				CLANG_WARN_COMMA = YES;
				CLANG_WARN_CONSTANT_CONVERSION = YES;
				CLANG_WARN_DEPRECATED_OBJC_IMPLEMENTATIONS = YES;
				CLANG_WARN_DIRECT_OBJC_ISA_USAGE = YES_ERROR;
				CLANG_WARN_DOCUMENTATION_COMMENTS = YES;
				CLANG_WARN_EMPTY_BODY = YES;
				CLANG_WARN_ENUM_CONVERSION = YES;
				CLANG_WARN_INFINITE_RECURSION = YES;
				CLANG_WARN_INT_CONVERSION = YES;
				CLANG_WARN_NON_LITERAL_NULL_CONVERSION = YES;
				CLANG_WARN_OBJC_IMPLICIT_RETAIN_SELF = YES;
				CLANG_WARN_OBJC_LITERAL_CONVERSION = YES;
				CLANG_WARN_OBJC_ROOT_CLASS = YES_ERROR;
				CLANG_WARN_QUOTED_INCLUDE_IN_FRAMEWORK_HEADER = YES;
				CLANG_WARN_RANGE_LOOP_ANALYSIS = YES;
				CLANG_WARN_STRICT_PROTOTYPES = YES;
				CLANG_WARN_SUSPICIOUS_MOVE = YES;
				CLANG_WARN_UNGUARDED_AVAILABILITY = YES_AGGRESSIVE;
				CLANG_WARN_UNREACHABLE_CODE = YES;
				CLANG_WARN__DUPLICATE_METHOD_MATCH = YES;
				COPY_PHASE_STRIP = NO;
				DEBUG_INFORMATION_FORMAT = "dwarf-with-dsym";
				ENABLE_NS_ASSERTIONS = NO;
				ENABLE_STRICT_OBJC_MSGSEND = YES;
				ENABLE_USER_SCRIPT_SANDBOXING = YES;
				GCC_C_LANGUAGE_STANDARD = gnu17;
				GCC_NO_COMMON_BLOCKS = YES;
				GCC_WARN_64_TO_32_BIT_CONVERSION = YES;
				GCC_WARN_ABOUT_RETURN_TYPE = YES_ERROR;
				GCC_WARN_UNDECLARED_SELECTOR = YES;
				GCC_WARN_UNINITIALIZED_AUTOS = YES_AGGRESSIVE;
				GCC_WARN_UNUSED_FUNCTION = YES;
				GCC_WARN_UNUSED_VARIABLE = YES;
				IPHONEOS_DEPLOYMENT_TARGET = 18.2;
				LOCALIZATION_PREFERS_STRING_CATALOGS = YES;
				MTL_ENABLE_DEBUG_INFO = NO;
				MTL_FAST_MATH = YES;
				SDKROOT = iphoneos;
				SWIFT_COMPILATION_MODE = wholemodule;
				VALIDATE_PRODUCT = YES;
			};
			name = Release;
		};
		AF4CE0092D6A10F100C06ED0 /* Debug */ = {
			isa = XCBuildConfiguration;
			buildSettings = {
				ASSETCATALOG_COMPILER_APPICON_NAME = AppIcon;
				ASSETCATALOG_COMPILER_GLOBAL_ACCENT_COLOR_NAME = AccentColor;
				CODE_SIGN_STYLE = Automatic;
				CURRENT_PROJECT_VERSION = 1;
				DEVELOPMENT_ASSET_PATHS = "\"AppleFrameworks/Preview Content\"";
				ENABLE_PREVIEWS = YES;
				GENERATE_INFOPLIST_FILE = YES;
				INFOPLIST_KEY_UIApplicationSceneManifest_Generation = YES;
				INFOPLIST_KEY_UIApplicationSupportsIndirectInputEvents = YES;
				INFOPLIST_KEY_UILaunchScreen_Generation = YES;
				INFOPLIST_KEY_UISupportedInterfaceOrientations_iPad = "UIInterfaceOrientationPortrait UIInterfaceOrientationPortraitUpsideDown UIInterfaceOrientationLandscapeLeft UIInterfaceOrientationLandscapeRight";
				INFOPLIST_KEY_UISupportedInterfaceOrientations_iPhone = "UIInterfaceOrientationPortrait UIInterfaceOrientationLandscapeLeft UIInterfaceOrientationLandscapeRight";
				LD_RUNPATH_SEARCH_PATHS = (
					"$(inherited)",
					"@executable_path/Frameworks",
				);
				MARKETING_VERSION = 1.0;
				PRODUCT_BUNDLE_IDENTIFIER = IOSapp.AppleFrameworks;
				PRODUCT_NAME = "$(TARGET_NAME)";
				SWIFT_EMIT_LOC_STRINGS = YES;
				SWIFT_VERSION = 5.0;
				TARGETED_DEVICE_FAMILY = "1,2";
			};
			name = Debug;
		};
		AF4CE00A2D6A10F100C06ED0 /* Release */ = {
			isa = XCBuildConfiguration;
			buildSettings = {
				ASSETCATALOG_COMPILER_APPICON_NAME = AppIcon;
				ASSETCATALOG_COMPILER_GLOBAL_ACCENT_COLOR_NAME = AccentColor;
				CODE_SIGN_STYLE = Automatic;
				CURRENT_PROJECT_VERSION = 1;
				DEVELOPMENT_ASSET_PATHS = "\"AppleFrameworks/Preview Content\"";
				ENABLE_PREVIEWS = YES;
				GENERATE_INFOPLIST_FILE = YES;
				INFOPLIST_KEY_UIApplicationSceneManifest_Generation = YES;
				INFOPLIST_KEY_UIApplicationSupportsIndirectInputEvents = YES;
				INFOPLIST_KEY_UILaunchScreen_Generation = YES;
				INFOPLIST_KEY_UISupportedInterfaceOrientations_iPad = "UIInterfaceOrientationPortrait UIInterfaceOrientationPortraitUpsideDown UIInterfaceOrientationLandscapeLeft UIInterfaceOrientationLandscapeRight";
				INFOPLIST_KEY_UISupportedInterfaceOrientations_iPhone = "UIInterfaceOrientationPortrait UIInterfaceOrientationLandscapeLeft UIInterfaceOrientationLandscapeRight";
				LD_RUNPATH_SEARCH_PATHS = (
					"$(inherited)",
					"@executable_path/Frameworks",
				);
				MARKETING_VERSION = 1.0;
				PRODUCT_BUNDLE_IDENTIFIER = IOSapp.AppleFrameworks;
				PRODUCT_NAME = "$(TARGET_NAME)";
				SWIFT_EMIT_LOC_STRINGS = YES;
				SWIFT_VERSION = 5.0;
				TARGETED_DEVICE_FAMILY = "1,2";
			};
			name = Release;
		};
		AF4CE00C2D6A10F100C06ED0 /* Debug */ = {
			isa = XCBuildConfiguration;
			buildSettings = {
				BUNDLE_LOADER = "$(TEST_HOST)";
				CODE_SIGN_STYLE = Automatic;
				CURRENT_PROJECT_VERSION = 1;
				GENERATE_INFOPLIST_FILE = YES;
				IPHONEOS_DEPLOYMENT_TARGET = 18.2;
				MARKETING_VERSION = 1.0;
				PRODUCT_BUNDLE_IDENTIFIER = IOSapp.AppleFrameworksTests;
				PRODUCT_NAME = "$(TARGET_NAME)";
				SWIFT_EMIT_LOC_STRINGS = NO;
				SWIFT_VERSION = 5.0;
				TARGETED_DEVICE_FAMILY = "1,2";
				TEST_HOST = "$(BUILT_PRODUCTS_DIR)/AppleFrameworks.app/$(BUNDLE_EXECUTABLE_FOLDER_PATH)/AppleFrameworks";
			};
			name = Debug;
		};
		AF4CE00D2D6A10F100C06ED0 /* Release */ = {
			isa = XCBuildConfiguration;
			buildSettings = {
				BUNDLE_LOADER = "$(TEST_HOST)";
				CODE_SIGN_STYLE = Automatic;
				CURRENT_PROJECT_VERSION = 1;
				GENERATE_INFOPLIST_FILE = YES;
				IPHONEOS_DEPLOYMENT_TARGET = 18.2;
				MARKETING_VERSION = 1.0;
				PRODUCT_BUNDLE_IDENTIFIER = IOSapp.AppleFrameworksTests;
				PRODUCT_NAME = "$(TARGET_NAME)";
				SWIFT_EMIT_LOC_STRINGS = NO;
				SWIFT_VERSION = 5.0;
				TARGETED_DEVICE_FAMILY = "1,2";
				TEST_HOST = "$(BUILT_PRODUCTS_DIR)/AppleFrameworks.app/$(BUNDLE_EXECUTABLE_FOLDER_PATH)/AppleFrameworks";
			};
			name = Release;
		};
		AF4CE00F2D6A10F100C06ED0 /* Debug */ = {
			isa = XCBuildConfiguration;
			buildSettings = {
				CODE_SIGN_STYLE = Automatic;
				CURRENT_PROJECT_VERSION = 1;
				GENERATE_INFOPLIST_FILE = YES;
				MARKETING_VERSION = 1.0;
				PRODUCT_BUNDLE_IDENTIFIER = IOSapp.AppleFrameworksUITests;
				PRODUCT_NAME = "$(TARGET_NAME)";
				SWIFT_EMIT_LOC_STRINGS = NO;
				SWIFT_VERSION = 5.0;
				TARGETED_DEVICE_FAMILY = "1,2";
				TEST_TARGET_NAME = AppleFrameworks;
			};
			name = Debug;
		};
		AF4CE0102D6A10F100C06ED0 /* Release */ = {
			isa = XCBuildConfiguration;
			buildSettings = {
				CODE_SIGN_STYLE = Automatic;
				CURRENT_PROJECT_VERSION = 1;
				GENERATE_INFOPLIST_FILE = YES;
				MARKETING_VERSION = 1.0;
				PRODUCT_BUNDLE_IDENTIFIER = IOSapp.AppleFrameworksUITests;
				PRODUCT_NAME = "$(TARGET_NAME)";
				SWIFT_EMIT_LOC_STRINGS = NO;
				SWIFT_VERSION = 5.0;
				TARGETED_DEVICE_FAMILY = "1,2";
				TEST_TARGET_NAME = AppleFrameworks;
			};
			name = Release;
		};
/* End XCBuildConfiguration section */

/* Begin XCConfigurationList section */
		AF4CDFDF2D6A10EF00C06ED0 /* Build configuration list for PBXProject "AppleFrameworks" */ = {
			isa = XCConfigurationList;
			buildConfigurations = (
				AF4CE0062D6A10F100C06ED0 /* Debug */,
				AF4CE0072D6A10F100C06ED0 /* Release */,
			);
			defaultConfigurationIsVisible = 0;
			defaultConfigurationName = Release;
		};
		AF4CE0082D6A10F100C06ED0 /* Build configuration list for PBXNativeTarget "AppleFrameworks" */ = {
			isa = XCConfigurationList;
			buildConfigurations = (
				AF4CE0092D6A10F100C06ED0 /* Debug */,
				AF4CE00A2D6A10F100C06ED0 /* Release */,
			);
			defaultConfigurationIsVisible = 0;
			defaultConfigurationName = Release;
		};
		AF4CE00B2D6A10F100C06ED0 /* Build configuration list for PBXNativeTarget "AppleFrameworksTests" */ = {
			isa = XCConfigurationList;
			buildConfigurations = (
				AF4CE00C2D6A10F100C06ED0 /* Debug */,
				AF4CE00D2D6A10F100C06ED0 /* Release */,
			);
			defaultConfigurationIsVisible = 0;
			defaultConfigurationName = Release;
		};
		AF4CE00E2D6A10F100C06ED0 /* Build configuration list for PBXNativeTarget "AppleFrameworksUITests" */ = {
			isa = XCConfigurationList;
			buildConfigurations = (
				AF4CE00F2D6A10F100C06ED0 /* Debug */,
				AF4CE0102D6A10F100C06ED0 /* Release */,
			);
			defaultConfigurationIsVisible = 0;
			defaultConfigurationName = Release;
		};
/* End XCConfigurationList section */
	};
	rootObject = AF4CDFDC2D6A10EF00C06ED0 /* Project object */;
}
