// !$*UTF8*$!
{
	archiveVersion = 1;
	classes = {
	};
	objectVersion = 56;
	objects = {

/* Begin PBXBuildFile section */
		AF545F1329FD0BAA000C9FB4 /* quadric_functionApp.swift in Sources */ = {isa = PBXBuildFile; fileRef = AF545F1229FD0BAA000C9FB4 /* quadric_functionApp.swift */; };
		AF545F1529FD0BAA000C9FB4 /* ContentView.swift in Sources */ = {isa = PBXBuildFile; fileRef = AF545F1429FD0BAA000C9FB4 /* ContentView.swift */; };
		AF545F1729FD0BAB000C9FB4 /* Assets.xcassets in Resources */ = {isa = PBXBuildFile; fileRef = AF545F1629FD0BAB000C9FB4 /* Assets.xcassets */; };
		AF545F1B29FD0BAB000C9FB4 /* Preview Assets.xcassets in Resources */ = {isa = PBXBuildFile; fileRef = AF545F1A29FD0BAB000C9FB4 /* Preview Assets.xcassets */; };
		AF545F2529FD0BAB000C9FB4 /* quadric_functionTests.swift in Sources */ = {isa = PBXBuildFile; fileRef = AF545F2429FD0BAB000C9FB4 /* quadric_functionTests.swift */; };
		AF545F2F29FD0BAB000C9FB4 /* quadric_functionUITests.swift in Sources */ = {isa = PBXBuildFile; fileRef = AF545F2E29FD0BAB000C9FB4 /* quadric_functionUITests.swift */; };
		AF545F3129FD0BAB000C9FB4 /* quadric_functionUITestsLaunchTests.swift in Sources */ = {isa = PBXBuildFile; fileRef = AF545F3029FD0BAB000C9FB4 /* quadric_functionUITestsLaunchTests.swift */; };
/* End PBXBuildFile section */

/* Begin PBXContainerItemProxy section */
		AF545F2129FD0BAB000C9FB4 /* PBXContainerItemProxy */ = {
			isa = PBXContainerItemProxy;
			containerPortal = AF545F0729FD0BAA000C9FB4 /* Project object */;
			proxyType = 1;
			remoteGlobalIDString = AF545F0E29FD0BAA000C9FB4;
			remoteInfo = "quadric function";
		};
		AF545F2B29FD0BAB000C9FB4 /* PBXContainerItemProxy */ = {
			isa = PBXContainerItemProxy;
			containerPortal = AF545F0729FD0BAA000C9FB4 /* Project object */;
			proxyType = 1;
			remoteGlobalIDString = AF545F0E29FD0BAA000C9FB4;
			remoteInfo = "quadric function";
		};
/* End PBXContainerItemProxy section */

/* Begin PBXFileReference section */
		AF545F0F29FD0BAA000C9FB4 /* quadric function.app */ = {isa = PBXFileReference; explicitFileType = wrapper.application; includeInIndex = 0; path = "quadric function.app"; sourceTree = BUILT_PRODUCTS_DIR; };
		AF545F1229FD0BAA000C9FB4 /* quadric_functionApp.swift */ = {isa = PBXFileReference; lastKnownFileType = sourcecode.swift; path = quadric_functionApp.swift; sourceTree = "<group>"; };
		AF545F1429FD0BAA000C9FB4 /* ContentView.swift */ = {isa = PBXFileReference; lastKnownFileType = sourcecode.swift; path = ContentView.swift; sourceTree = "<group>"; };
		AF545F1629FD0BAB000C9FB4 /* Assets.xcassets */ = {isa = PBXFileReference; lastKnownFileType = folder.assetcatalog; path = Assets.xcassets; sourceTree = "<group>"; };
		AF545F1829FD0BAB000C9FB4 /* quadric_function.entitlements */ = {isa = PBXFileReference; lastKnownFileType = text.plist.entitlements; path = quadric_function.entitlements; sourceTree = "<group>"; };
		AF545F1A29FD0BAB000C9FB4 /* Preview Assets.xcassets */ = {isa = PBXFileReference; lastKnownFileType = folder.assetcatalog; path = "Preview Assets.xcassets"; sourceTree = "<group>"; };
		AF545F2029FD0BAB000C9FB4 /* quadric functionTests.xctest */ = {isa = PBXFileReference; explicitFileType = wrapper.cfbundle; includeInIndex = 0; path = "quadric functionTests.xctest"; sourceTree = BUILT_PRODUCTS_DIR; };
		AF545F2429FD0BAB000C9FB4 /* quadric_functionTests.swift */ = {isa = PBXFileReference; lastKnownFileType = sourcecode.swift; path = quadric_functionTests.swift; sourceTree = "<group>"; };
		AF545F2A29FD0BAB000C9FB4 /* quadric functionUITests.xctest */ = {isa = PBXFileReference; explicitFileType = wrapper.cfbundle; includeInIndex = 0; path = "quadric functionUITests.xctest"; sourceTree = BUILT_PRODUCTS_DIR; };
		AF545F2E29FD0BAB000C9FB4 /* quadric_functionUITests.swift */ = {isa = PBXFileReference; lastKnownFileType = sourcecode.swift; path = quadric_functionUITests.swift; sourceTree = "<group>"; };
		AF545F3029FD0BAB000C9FB4 /* quadric_functionUITestsLaunchTests.swift */ = {isa = PBXFileReference; lastKnownFileType = sourcecode.swift; path = quadric_functionUITestsLaunchTests.swift; sourceTree = "<group>"; };
/* End PBXFileReference section */

/* Begin PBXFrameworksBuildPhase section */
		AF545F0C29FD0BAA000C9FB4 /* Frameworks */ = {
			isa = PBXFrameworksBuildPhase;
			buildActionMask = 2147483647;
			files = (
			);
			runOnlyForDeploymentPostprocessing = 0;
		};
		AF545F1D29FD0BAB000C9FB4 /* Frameworks */ = {
			isa = PBXFrameworksBuildPhase;
			buildActionMask = 2147483647;
			files = (
			);
			runOnlyForDeploymentPostprocessing = 0;
		};
		AF545F2729FD0BAB000C9FB4 /* Frameworks */ = {
			isa = PBXFrameworksBuildPhase;
			buildActionMask = 2147483647;
			files = (
			);
			runOnlyForDeploymentPostprocessing = 0;
		};
/* End PBXFrameworksBuildPhase section */

/* Begin PBXGroup section */
		AF545F0629FD0BAA000C9FB4 = {
			isa = PBXGroup;
			children = (
				AF545F1129FD0BAA000C9FB4 /* quadric function */,
				AF545F2329FD0BAB000C9FB4 /* quadric functionTests */,
				AF545F2D29FD0BAB000C9FB4 /* quadric functionUITests */,
				AF545F1029FD0BAA000C9FB4 /* Products */,
			);
			sourceTree = "<group>";
		};
		AF545F1029FD0BAA000C9FB4 /* Products */ = {
			isa = PBXGroup;
			children = (
				AF545F0F29FD0BAA000C9FB4 /* quadric function.app */,
				AF545F2029FD0BAB000C9FB4 /* quadric functionTests.xctest */,
				AF545F2A29FD0BAB000C9FB4 /* quadric functionUITests.xctest */,
			);
			name = Products;
			sourceTree = "<group>";
		};
		AF545F1129FD0BAA000C9FB4 /* quadric function */ = {
			isa = PBXGroup;
			children = (
				AF545F1229FD0BAA000C9FB4 /* quadric_functionApp.swift */,
				AF545F1429FD0BAA000C9FB4 /* ContentView.swift */,
				AF545F1629FD0BAB000C9FB4 /* Assets.xcassets */,
				AF545F1829FD0BAB000C9FB4 /* quadric_function.entitlements */,
				AF545F1929FD0BAB000C9FB4 /* Preview Content */,
			);
			path = "quadric function";
			sourceTree = "<group>";
		};
		AF545F1929FD0BAB000C9FB4 /* Preview Content */ = {
			isa = PBXGroup;
			children = (
				AF545F1A29FD0BAB000C9FB4 /* Preview Assets.xcassets */,
			);
			path = "Preview Content";
			sourceTree = "<group>";
		};
		AF545F2329FD0BAB000C9FB4 /* quadric functionTests */ = {
			isa = PBXGroup;
			children = (
				AF545F2429FD0BAB000C9FB4 /* quadric_functionTests.swift */,
			);
			path = "quadric functionTests";
			sourceTree = "<group>";
		};
		AF545F2D29FD0BAB000C9FB4 /* quadric functionUITests */ = {
			isa = PBXGroup;
			children = (
				AF545F2E29FD0BAB000C9FB4 /* quadric_functionUITests.swift */,
				AF545F3029FD0BAB000C9FB4 /* quadric_functionUITestsLaunchTests.swift */,
			);
			path = "quadric functionUITests";
			sourceTree = "<group>";
		};
/* End PBXGroup section */

/* Begin PBXNativeTarget section */
		AF545F0E29FD0BAA000C9FB4 /* quadric function */ = {
			isa = PBXNativeTarget;
			buildConfigurationList = AF545F3429FD0BAB000C9FB4 /* Build configuration list for PBXNativeTarget "quadric function" */;
			buildPhases = (
				AF545F0B29FD0BAA000C9FB4 /* Sources */,
				AF545F0C29FD0BAA000C9FB4 /* Frameworks */,
				AF545F0D29FD0BAA000C9FB4 /* Resources */,
			);
			buildRules = (
			);
			dependencies = (
			);
			name = "quadric function";
			productName = "quadric function";
			productReference = AF545F0F29FD0BAA000C9FB4 /* quadric function.app */;
			productType = "com.apple.product-type.application";
		};
		AF545F1F29FD0BAB000C9FB4 /* quadric functionTests */ = {
			isa = PBXNativeTarget;
			buildConfigurationList = AF545F3729FD0BAB000C9FB4 /* Build configuration list for PBXNativeTarget "quadric functionTests" */;
			buildPhases = (
				AF545F1C29FD0BAB000C9FB4 /* Sources */,
				AF545F1D29FD0BAB000C9FB4 /* Frameworks */,
				AF545F1E29FD0BAB000C9FB4 /* Resources */,
			);
			buildRules = (
			);
			dependencies = (
				AF545F2229FD0BAB000C9FB4 /* PBXTargetDependency */,
			);
			name = "quadric functionTests";
			productName = "quadric functionTests";
			productReference = AF545F2029FD0BAB000C9FB4 /* quadric functionTests.xctest */;
			productType = "com.apple.product-type.bundle.unit-test";
		};
		AF545F2929FD0BAB000C9FB4 /* quadric functionUITests */ = {
			isa = PBXNativeTarget;
			buildConfigurationList = AF545F3A29FD0BAB000C9FB4 /* Build configuration list for PBXNativeTarget "quadric functionUITests" */;
			buildPhases = (
				AF545F2629FD0BAB000C9FB4 /* Sources */,
				AF545F2729FD0BAB000C9FB4 /* Frameworks */,
				AF545F2829FD0BAB000C9FB4 /* Resources */,
			);
			buildRules = (
			);
			dependencies = (
				AF545F2C29FD0BAB000C9FB4 /* PBXTargetDependency */,
			);
			name = "quadric functionUITests";
			productName = "quadric functionUITests";
			productReference = AF545F2A29FD0BAB000C9FB4 /* quadric functionUITests.xctest */;
			productType = "com.apple.product-type.bundle.ui-testing";
		};
/* End PBXNativeTarget section */

/* Begin PBXProject section */
		AF545F0729FD0BAA000C9FB4 /* Project object */ = {
			isa = PBXProject;
			attributes = {
				BuildIndependentTargetsInParallel = 1;
				LastSwiftUpdateCheck = 1430;
				LastUpgradeCheck = 1430;
				TargetAttributes = {
					AF545F0E29FD0BAA000C9FB4 = {
						CreatedOnToolsVersion = 14.3;
					};
					AF545F1F29FD0BAB000C9FB4 = {
						CreatedOnToolsVersion = 14.3;
						TestTargetID = AF545F0E29FD0BAA000C9FB4;
					};
					AF545F2929FD0BAB000C9FB4 = {
						CreatedOnToolsVersion = 14.3;
						TestTargetID = AF545F0E29FD0BAA000C9FB4;
					};
				};
			};
			buildConfigurationList = AF545F0A29FD0BAA000C9FB4 /* Build configuration list for PBXProject "quadric function" */;
			compatibilityVersion = "Xcode 14.0";
			developmentRegion = en;
			hasScannedForEncodings = 0;
			knownRegions = (
				en,
				Base,
			);
			mainGroup = AF545F0629FD0BAA000C9FB4;
			productRefGroup = AF545F1029FD0BAA000C9FB4 /* Products */;
			projectDirPath = "";
			projectRoot = "";
			targets = (
				AF545F0E29FD0BAA000C9FB4 /* quadric function */,
				AF545F1F29FD0BAB000C9FB4 /* quadric functionTests */,
				AF545F2929FD0BAB000C9FB4 /* quadric functionUITests */,
			);
		};
/* End PBXProject section */

/* Begin PBXResourcesBuildPhase section */
		AF545F0D29FD0BAA000C9FB4 /* Resources */ = {
			isa = PBXResourcesBuildPhase;
			buildActionMask = 2147483647;
			files = (
				AF545F1B29FD0BAB000C9FB4 /* Preview Assets.xcassets in Resources */,
				AF545F1729FD0BAB000C9FB4 /* Assets.xcassets in Resources */,
			);
			runOnlyForDeploymentPostprocessing = 0;
		};
		AF545F1E29FD0BAB000C9FB4 /* Resources */ = {
			isa = PBXResourcesBuildPhase;
			buildActionMask = 2147483647;
			files = (
			);
			runOnlyForDeploymentPostprocessing = 0;
		};
		AF545F2829FD0BAB000C9FB4 /* Resources */ = {
			isa = PBXResourcesBuildPhase;
			buildActionMask = 2147483647;
			files = (
			);
			runOnlyForDeploymentPostprocessing = 0;
		};
/* End PBXResourcesBuildPhase section */

/* Begin PBXSourcesBuildPhase section */
		AF545F0B29FD0BAA000C9FB4 /* Sources */ = {
			isa = PBXSourcesBuildPhase;
			buildActionMask = 2147483647;
			files = (
				AF545F1529FD0BAA000C9FB4 /* ContentView.swift in Sources */,
				AF545F1329FD0BAA000C9FB4 /* quadric_functionApp.swift in Sources */,
			);
			runOnlyForDeploymentPostprocessing = 0;
		};
		AF545F1C29FD0BAB000C9FB4 /* Sources */ = {
			isa = PBXSourcesBuildPhase;
			buildActionMask = 2147483647;
			files = (
				AF545F2529FD0BAB000C9FB4 /* quadric_functionTests.swift in Sources */,
			);
			runOnlyForDeploymentPostprocessing = 0;
		};
		AF545F2629FD0BAB000C9FB4 /* Sources */ = {
			isa = PBXSourcesBuildPhase;
			buildActionMask = 2147483647;
			files = (
				AF545F3129FD0BAB000C9FB4 /* quadric_functionUITestsLaunchTests.swift in Sources */,
				AF545F2F29FD0BAB000C9FB4 /* quadric_functionUITests.swift in Sources */,
			);
			runOnlyForDeploymentPostprocessing = 0;
		};
/* End PBXSourcesBuildPhase section */

/* Begin PBXTargetDependency section */
		AF545F2229FD0BAB000C9FB4 /* PBXTargetDependency */ = {
			isa = PBXTargetDependency;
			target = AF545F0E29FD0BAA000C9FB4 /* quadric function */;
			targetProxy = AF545F2129FD0BAB000C9FB4 /* PBXContainerItemProxy */;
		};
		AF545F2C29FD0BAB000C9FB4 /* PBXTargetDependency */ = {
			isa = PBXTargetDependency;
			target = AF545F0E29FD0BAA000C9FB4 /* quadric function */;
			targetProxy = AF545F2B29FD0BAB000C9FB4 /* PBXContainerItemProxy */;
		};
/* End PBXTargetDependency section */

/* Begin XCBuildConfiguration section */
		AF545F3229FD0BAB000C9FB4 /* Debug */ = {
			isa = XCBuildConfiguration;
			buildSettings = {
				ALWAYS_SEARCH_USER_PATHS = NO;
				CLANG_ANALYZER_NONNULL = YES;
				CLANG_ANALYZER_NUMBER_OBJECT_CONVERSION = YES_AGGRESSIVE;
				CLANG_CXX_LANGUAGE_STANDARD = "gnu++20";
				CLANG_ENABLE_MODULES = YES;
				CLANG_ENABLE_OBJC_ARC = YES;
				CLANG_ENABLE_OBJC_WEAK = YES;
				CLANG_WARN_BLOCK_CAPTURE_AUTORELEASING = YES;
				CLANG_WARN_BOOL_CONVERSION = YES;
				CLANG_WARN_COMMA = YES;
				CLANG_WARN_CONSTANT_CONVERSION = YES;
				CLANG_WARN_DEPRECATED_OBJC_IMPLEMENTATIONS = YES;
				CLANG_WARN_DIRECT_OBJC_ISA_USAGE = YES_ERROR;
				CLANG_WARN_DOCUMENTATION_COMMENTS = YES;
				CLANG_WARN_EMPTY_BODY = YES;
				CLANG_WARN_ENUM_CONVERSION = YES;
				CLANG_WARN_INFINITE_RECURSION = YES;
				CLANG_WARN_INT_CONVERSION = YES;
				CLANG_WARN_NON_LITERAL_NULL_CONVERSION = YES;
				CLANG_WARN_OBJC_IMPLICIT_RETAIN_SELF = YES;
				CLANG_WARN_OBJC_LITERAL_CONVERSION = YES;
				CLANG_WARN_OBJC_ROOT_CLASS = YES_ERROR;
				CLANG_WARN_QUOTED_INCLUDE_IN_FRAMEWORK_HEADER = YES;
				CLANG_WARN_RANGE_LOOP_ANALYSIS = YES;
				CLANG_WARN_STRICT_PROTOTYPES = YES;
				CLANG_WARN_SUSPICIOUS_MOVE = YES;
				CLANG_WARN_UNGUARDED_AVAILABILITY = YES_AGGRESSIVE;
				CLANG_WARN_UNREACHABLE_CODE = YES;
				CLANG_WARN__DUPLICATE_METHOD_MATCH = YES;
				COPY_PHASE_STRIP = NO;
				DEBUG_INFORMATION_FORMAT = dwarf;
				ENABLE_STRICT_OBJC_MSGSEND = YES;
				ENABLE_TESTABILITY = YES;
				GCC_C_LANGUAGE_STANDARD = gnu11;
				GCC_DYNAMIC_NO_PIC = NO;
				GCC_NO_COMMON_BLOCKS = YES;
				GCC_OPTIMIZATION_LEVEL = 0;
				GCC_PREPROCESSOR_DEFINITIONS = (
					"DEBUG=1",
					"$(inherited)",
				);
				GCC_WARN_64_TO_32_BIT_CONVERSION = YES;
				GCC_WARN_ABOUT_RETURN_TYPE = YES_ERROR;
				GCC_WARN_UNDECLARED_SELECTOR = YES;
				GCC_WARN_UNINITIALIZED_AUTOS = YES_AGGRESSIVE;
				GCC_WARN_UNUSED_FUNCTION = YES;
				GCC_WARN_UNUSED_VARIABLE = YES;
				MTL_ENABLE_DEBUG_INFO = INCLUDE_SOURCE;
				MTL_FAST_MATH = YES;
				ONLY_ACTIVE_ARCH = YES;
				SWIFT_ACTIVE_COMPILATION_CONDITIONS = DEBUG;
				SWIFT_OPTIMIZATION_LEVEL = "-Onone";
			};
			name = Debug;
		};
		AF545F3329FD0BAB000C9FB4 /* Release */ = {
			isa = XCBuildConfiguration;
			buildSettings = {
				ALWAYS_SEARCH_USER_PATHS = NO;
				CLANG_ANALYZER_NONNULL = YES;
				CLANG_ANALYZER_NUMBER_OBJECT_CONVERSION = YES_AGGRESSIVE;
				CLANG_CXX_LANGUAGE_STANDARD = "gnu++20";
				CLANG_ENABLE_MODULES = YES;
				CLANG_ENABLE_OBJC_ARC = YES;
				CLANG_ENABLE_OBJC_WEAK = YES;
				CLANG_WARN_BLOCK_CAPTURE_AUTORELEASING = YES;
				CLANG_WARN_BOOL_CONVERSION = YES;
				CLANG_WARN_COMMA = YES;
				CLANG_WARN_CONSTANT_CONVERSION = YES;
				CLANG_WARN_DEPRECATED_OBJC_IMPLEMENTATIONS = YES;
				CLANG_WARN_DIRECT_OBJC_ISA_USAGE = YES_ERROR;
				CLANG_WARN_DOCUMENTATION_COMMENTS = YES;
				CLANG_WARN_EMPTY_BODY = YES;
				CLANG_WARN_ENUM_CONVERSION = YES;
				CLANG_WARN_INFINITE_RECURSION = YES;
				CLANG_WARN_INT_CONVERSION = YES;
				CLANG_WARN_NON_LITERAL_NULL_CONVERSION = YES;
				CLANG_WARN_OBJC_IMPLICIT_RETAIN_SELF = YES;
				CLANG_WARN_OBJC_LITERAL_CONVERSION = YES;
				CLANG_WARN_OBJC_ROOT_CLASS = YES_ERROR;
				CLANG_WARN_QUOTED_INCLUDE_IN_FRAMEWORK_HEADER = YES;
				CLANG_WARN_RANGE_LOOP_ANALYSIS = YES;
				CLANG_WARN_STRICT_PROTOTYPES = YES;
				CLANG_WARN_SUSPICIOUS_MOVE = YES;
				CLANG_WARN_UNGUARDED_AVAILABILITY = YES_AGGRESSIVE;
				CLANG_WARN_UNREACHABLE_CODE = YES;
				CLANG_WARN__DUPLICATE_METHOD_MATCH = YES;
				COPY_PHASE_STRIP = NO;
				DEBUG_INFORMATION_FORMAT = "dwarf-with-dsym";
				ENABLE_NS_ASSERTIONS = NO;
				ENABLE_STRICT_OBJC_MSGSEND = YES;
				GCC_C_LANGUAGE_STANDARD = gnu11;
				GCC_NO_COMMON_BLOCKS = YES;
				GCC_WARN_64_TO_32_BIT_CONVERSION = YES;
				GCC_WARN_ABOUT_RETURN_TYPE = YES_ERROR;
				GCC_WARN_UNDECLARED_SELECTOR = YES;
				GCC_WARN_UNINITIALIZED_AUTOS = YES_AGGRESSIVE;
				GCC_WARN_UNUSED_FUNCTION = YES;
				GCC_WARN_UNUSED_VARIABLE = YES;
				MTL_ENABLE_DEBUG_INFO = NO;
				MTL_FAST_MATH = YES;
				SWIFT_COMPILATION_MODE = wholemodule;
				SWIFT_OPTIMIZATION_LEVEL = "-O";
			};
			name = Release;
		};
		AF545F3529FD0BAB000C9FB4 /* Debug */ = {
			isa = XCBuildConfiguration;
			buildSettings = {
				ASSETCATALOG_COMPILER_APPICON_NAME = AppIcon;
				ASSETCATALOG_COMPILER_GLOBAL_ACCENT_COLOR_NAME = AccentColor;
				CODE_SIGN_ENTITLEMENTS = "quadric function/quadric_function.entitlements";
				CODE_SIGN_STYLE = Automatic;
				CURRENT_PROJECT_VERSION = 1;
				DEVELOPMENT_ASSET_PATHS = "\"quadric function/Preview Content\"";
				DEVELOPMENT_TEAM = 4SHKJAXKA4;
				ENABLE_PREVIEWS = YES;
				GENERATE_INFOPLIST_FILE = YES;
				"INFOPLIST_KEY_UIApplicationSceneManifest_Generation[sdk=iphoneos*]" = YES;
				"INFOPLIST_KEY_UIApplicationSceneManifest_Generation[sdk=iphonesimulator*]" = YES;
				"INFOPLIST_KEY_UIApplicationSupportsIndirectInputEvents[sdk=iphoneos*]" = YES;
				"INFOPLIST_KEY_UIApplicationSupportsIndirectInputEvents[sdk=iphonesimulator*]" = YES;
				"INFOPLIST_KEY_UILaunchScreen_Generation[sdk=iphoneos*]" = YES;
				"INFOPLIST_KEY_UILaunchScreen_Generation[sdk=iphonesimulator*]" = YES;
				"INFOPLIST_KEY_UIStatusBarStyle[sdk=iphoneos*]" = UIStatusBarStyleDefault;
				"INFOPLIST_KEY_UIStatusBarStyle[sdk=iphonesimulator*]" = UIStatusBarStyleDefault;
				INFOPLIST_KEY_UISupportedInterfaceOrientations_iPad = "UIInterfaceOrientationPortrait UIInterfaceOrientationPortraitUpsideDown UIInterfaceOrientationLandscapeLeft UIInterfaceOrientationLandscapeRight";
				INFOPLIST_KEY_UISupportedInterfaceOrientations_iPhone = "UIInterfaceOrientationPortrait UIInterfaceOrientationLandscapeLeft UIInterfaceOrientationLandscapeRight";
				IPHONEOS_DEPLOYMENT_TARGET = 16.4;
				LD_RUNPATH_SEARCH_PATHS = "@executable_path/Frameworks";
				"LD_RUNPATH_SEARCH_PATHS[sdk=macosx*]" = "@executable_path/../Frameworks";
				MACOSX_DEPLOYMENT_TARGET = 13.3;
				MARKETING_VERSION = 1.0;
				PRODUCT_BUNDLE_IDENTIFIER = "IOSapp.quadric-function";
				PRODUCT_NAME = "$(TARGET_NAME)";
				SDKROOT = auto;
				SUPPORTED_PLATFORMS = "iphoneos iphonesimulator macosx";
				SWIFT_EMIT_LOC_STRINGS = YES;
				SWIFT_VERSION = 5.0;
				TARGETED_DEVICE_FAMILY = "1,2";
			};
			name = Debug;
		};
		AF545F3629FD0BAB000C9FB4 /* Release */ = {
			isa = XCBuildConfiguration;
			buildSettings = {
				ASSETCATALOG_COMPILER_APPICON_NAME = AppIcon;
				ASSETCATALOG_COMPILER_GLOBAL_ACCENT_COLOR_NAME = AccentColor;
				CODE_SIGN_ENTITLEMENTS = "quadric function/quadric_function.entitlements";
				CODE_SIGN_STYLE = Automatic;
				CURRENT_PROJECT_VERSION = 1;
				DEVELOPMENT_ASSET_PATHS = "\"quadric function/Preview Content\"";
				DEVELOPMENT_TEAM = 4SHKJAXKA4;
				ENABLE_PREVIEWS = YES;
				GENERATE_INFOPLIST_FILE = YES;
				"INFOPLIST_KEY_UIApplicationSceneManifest_Generation[sdk=iphoneos*]" = YES;
				"INFOPLIST_KEY_UIApplicationSceneManifest_Generation[sdk=iphonesimulator*]" = YES;
				"INFOPLIST_KEY_UIApplicationSupportsIndirectInputEvents[sdk=iphoneos*]" = YES;
				"INFOPLIST_KEY_UIApplicationSupportsIndirectInputEvents[sdk=iphonesimulator*]" = YES;
				"INFOPLIST_KEY_UILaunchScreen_Generation[sdk=iphoneos*]" = YES;
				"INFOPLIST_KEY_UILaunchScreen_Generation[sdk=iphonesimulator*]" = YES;
				"INFOPLIST_KEY_UIStatusBarStyle[sdk=iphoneos*]" = UIStatusBarStyleDefault;
				"INFOPLIST_KEY_UIStatusBarStyle[sdk=iphonesimulator*]" = UIStatusBarStyleDefault;
				INFOPLIST_KEY_UISupportedInterfaceOrientations_iPad = "UIInterfaceOrientationPortrait UIInterfaceOrientationPortraitUpsideDown UIInterfaceOrientationLandscapeLeft UIInterfaceOrientationLandscapeRight";
				INFOPLIST_KEY_UISupportedInterfaceOrientations_iPhone = "UIInterfaceOrientationPortrait UIInterfaceOrientationLandscapeLeft UIInterfaceOrientationLandscapeRight";
				IPHONEOS_DEPLOYMENT_TARGET = 16.4;
				LD_RUNPATH_SEARCH_PATHS = "@executable_path/Frameworks";
				"LD_RUNPATH_SEARCH_PATHS[sdk=macosx*]" = "@executable_path/../Frameworks";
				MACOSX_DEPLOYMENT_TARGET = 13.3;
				MARKETING_VERSION = 1.0;
				PRODUCT_BUNDLE_IDENTIFIER = "IOSapp.quadric-function";
				PRODUCT_NAME = "$(TARGET_NAME)";
				SDKROOT = auto;
				SUPPORTED_PLATFORMS = "iphoneos iphonesimulator macosx";
				SWIFT_EMIT_LOC_STRINGS = YES;
				SWIFT_VERSION = 5.0;
				TARGETED_DEVICE_FAMILY = "1,2";
			};
			name = Release;
		};
		AF545F3829FD0BAB000C9FB4 /* Debug */ = {
			isa = XCBuildConfiguration;
			buildSettings = {
				ALWAYS_EMBED_SWIFT_STANDARD_LIBRARIES = YES;
				BUNDLE_LOADER = "$(TEST_HOST)";
				CODE_SIGN_STYLE = Automatic;
				CURRENT_PROJECT_VERSION = 1;
				GENERATE_INFOPLIST_FILE = YES;
				IPHONEOS_DEPLOYMENT_TARGET = 16.4;
				MACOSX_DEPLOYMENT_TARGET = 13.3;
				MARKETING_VERSION = 1.0;
				PRODUCT_BUNDLE_IDENTIFIER = "IOSapp.quadric-functionTests";
				PRODUCT_NAME = "$(TARGET_NAME)";
				SDKROOT = auto;
				SUPPORTED_PLATFORMS = "iphoneos iphonesimulator macosx";
				SWIFT_EMIT_LOC_STRINGS = NO;
				SWIFT_VERSION = 5.0;
				TARGETED_DEVICE_FAMILY = "1,2";
				TEST_HOST = "$(BUILT_PRODUCTS_DIR)/quadric function.app/$(BUNDLE_EXECUTABLE_FOLDER_PATH)/quadric function";
			};
			name = Debug;
		};
		AF545F3929FD0BAB000C9FB4 /* Release */ = {
			isa = XCBuildConfiguration;
			buildSettings = {
				ALWAYS_EMBED_SWIFT_STANDARD_LIBRARIES = YES;
				BUNDLE_LOADER = "$(TEST_HOST)";
				CODE_SIGN_STYLE = Automatic;
				CURRENT_PROJECT_VERSION = 1;
				GENERATE_INFOPLIST_FILE = YES;
				IPHONEOS_DEPLOYMENT_TARGET = 16.4;
				MACOSX_DEPLOYMENT_TARGET = 13.3;
				MARKETING_VERSION = 1.0;
				PRODUCT_BUNDLE_IDENTIFIER = "IOSapp.quadric-functionTests";
				PRODUCT_NAME = "$(TARGET_NAME)";
				SDKROOT = auto;
				SUPPORTED_PLATFORMS = "iphoneos iphonesimulator macosx";
				SWIFT_EMIT_LOC_STRINGS = NO;
				SWIFT_VERSION = 5.0;
				TARGETED_DEVICE_FAMILY = "1,2";
				TEST_HOST = "$(BUILT_PRODUCTS_DIR)/quadric function.app/$(BUNDLE_EXECUTABLE_FOLDER_PATH)/quadric function";
			};
			name = Release;
		};
		AF545F3B29FD0BAB000C9FB4 /* Debug */ = {
			isa = XCBuildConfiguration;
			buildSettings = {
				ALWAYS_EMBED_SWIFT_STANDARD_LIBRARIES = YES;
				CODE_SIGN_STYLE = Automatic;
				CURRENT_PROJECT_VERSION = 1;
				GENERATE_INFOPLIST_FILE = YES;
				IPHONEOS_DEPLOYMENT_TARGET = 16.4;
				MACOSX_DEPLOYMENT_TARGET = 13.3;
				MARKETING_VERSION = 1.0;
				PRODUCT_BUNDLE_IDENTIFIER = "IOSapp.quadric-functionUITests";
				PRODUCT_NAME = "$(TARGET_NAME)";
				SDKROOT = auto;
				SUPPORTED_PLATFORMS = "iphoneos iphonesimulator macosx";
				SWIFT_EMIT_LOC_STRINGS = NO;
				SWIFT_VERSION = 5.0;
				TARGETED_DEVICE_FAMILY = "1,2";
				TEST_TARGET_NAME = "quadric function";
			};
			name = Debug;
		};
		AF545F3C29FD0BAB000C9FB4 /* Release */ = {
			isa = XCBuildConfiguration;
			buildSettings = {
				ALWAYS_EMBED_SWIFT_STANDARD_LIBRARIES = YES;
				CODE_SIGN_STYLE = Automatic;
				CURRENT_PROJECT_VERSION = 1;
				GENERATE_INFOPLIST_FILE = YES;
				IPHONEOS_DEPLOYMENT_TARGET = 16.4;
				MACOSX_DEPLOYMENT_TARGET = 13.3;
				MARKETING_VERSION = 1.0;
				PRODUCT_BUNDLE_IDENTIFIER = "IOSapp.quadric-functionUITests";
				PRODUCT_NAME = "$(TARGET_NAME)";
				SDKROOT = auto;
				SUPPORTED_PLATFORMS = "iphoneos iphonesimulator macosx";
				SWIFT_EMIT_LOC_STRINGS = NO;
				SWIFT_VERSION = 5.0;
				TARGETED_DEVICE_FAMILY = "1,2";
				TEST_TARGET_NAME = "quadric function";
			};
			name = Release;
		};
/* End XCBuildConfiguration section */

/* Begin XCConfigurationList section */
		AF545F0A29FD0BAA000C9FB4 /* Build configuration list for PBXProject "quadric function" */ = {
			isa = XCConfigurationList;
			buildConfigurations = (
				AF545F3229FD0BAB000C9FB4 /* Debug */,
				AF545F3329FD0BAB000C9FB4 /* Release */,
			);
			defaultConfigurationIsVisible = 0;
			defaultConfigurationName = Release;
		};
		AF545F3429FD0BAB000C9FB4 /* Build configuration list for PBXNativeTarget "quadric function" */ = {
			isa = XCConfigurationList;
			buildConfigurations = (
				AF545F3529FD0BAB000C9FB4 /* Debug */,
				AF545F3629FD0BAB000C9FB4 /* Release */,
			);
			defaultConfigurationIsVisible = 0;
			defaultConfigurationName = Release;
		};
		AF545F3729FD0BAB000C9FB4 /* Build configuration list for PBXNativeTarget "quadric functionTests" */ = {
			isa = XCConfigurationList;
			buildConfigurations = (
				AF545F3829FD0BAB000C9FB4 /* Debug */,
				AF545F3929FD0BAB000C9FB4 /* Release */,
			);
			defaultConfigurationIsVisible = 0;
			defaultConfigurationName = Release;
		};
		AF545F3A29FD0BAB000C9FB4 /* Build configuration list for PBXNativeTarget "quadric functionUITests" */ = {
			isa = XCConfigurationList;
			buildConfigurations = (
				AF545F3B29FD0BAB000C9FB4 /* Debug */,
				AF545F3C29FD0BAB000C9FB4 /* Release */,
			);
			defaultConfigurationIsVisible = 0;
			defaultConfigurationName = Release;
		};
/* End XCConfigurationList section */
	};
	rootObject = AF545F0729FD0BAA000C9FB4 /* Project object */;
}
